
Microsoft Visual Studio Solution File, Format Version 12.00
# Visual Studio Version 16
VisualStudioVersion = 16.0.29613.14
MinimumVisualStudioVersion = 10.0.40219.1
Project("{9A19103F-16F7-4668-BE54-9A1E7A4F7556}") = "ChurchManagerApi", "ChurchManagerApi\ChurchManagerApi.csproj", "{E06AEA43-3EBD-4229-9232-B69E14EA7831}"
EndProject
Project("{FAE04EC0-301F-11D3-BF4B-00C04F79EFBC}") = "ChurchManager", "..\ChurchManager\ChurchManager\ChurchManager.csproj", "{9DA1B658-F928-4747-85E0-A3A6ED11D9ED}"
EndProject
Project("{E24C65DC-7377-472B-9ABA-BC803B73C61A}") = "ChurchManager2Web", "ChurchManager2Web\", "{67AF2C1A-C18F-453A-BEA7-607706A905C8}"
	ProjectSection(WebsiteProperties) = preProject
		TargetFrameworkMoniker = ".NETFramework,Version%3Dv4.0"
		Debug.AspNetCompiler.VirtualPath = "/localhost_63152"
		Debug.AspNetCompiler.PhysicalPath = "ChurchManager2Web\"
		Debug.AspNetCompiler.TargetPath = "PrecompiledWeb\localhost_63152\"
		Debug.AspNetCompiler.Updateable = "true"
		Debug.AspNetCompiler.ForceOverwrite = "true"
		Debug.AspNetCompiler.FixedNames = "false"
		Debug.AspNetCompiler.Debug = "True"
		Release.AspNetCompiler.VirtualPath = "/localhost_63152"
		Release.AspNetCompiler.PhysicalPath = "ChurchManager2Web\"
		Release.AspNetCompiler.TargetPath = "PrecompiledWeb\localhost_63152\"
		Release.AspNetCompiler.Updateable = "true"
		Release.AspNetCompiler.ForceOverwrite = "true"
		Release.AspNetCompiler.FixedNames = "false"
		Release.AspNetCompiler.Debug = "False"
		VWDPort = "63152"
		SlnRelativePath = "ChurchManager2Web\"
	EndProjectSection
EndProject
Global
	GlobalSection(SolutionConfigurationPlatforms) = preSolution
		Debug|Any CPU = Debug|Any CPU
		Release|Any CPU = Release|Any CPU
	EndGlobalSection
	GlobalSection(ProjectConfigurationPlatforms) = postSolution
		{E06AEA43-3EBD-4229-9232-B69E14EA7831}.Debug|Any CPU.ActiveCfg = Debug|Any CPU
		{E06AEA43-3EBD-4229-9232-B69E14EA7831}.Debug|Any CPU.Build.0 = Debug|Any CPU
		{E06AEA43-3EBD-4229-9232-B69E14EA7831}.Release|Any CPU.ActiveCfg = Release|Any CPU
		{E06AEA43-3EBD-4229-9232-B69E14EA7831}.Release|Any CPU.Build.0 = Release|Any CPU
		{9DA1B658-F928-4747-85E0-A3A6ED11D9ED}.Debug|Any CPU.ActiveCfg = Debug|Any CPU
		{9DA1B658-F928-4747-85E0-A3A6ED11D9ED}.Debug|Any CPU.Build.0 = Debug|Any CPU
		{9DA1B658-F928-4747-85E0-A3A6ED11D9ED}.Release|Any CPU.ActiveCfg = Release|Any CPU
		{9DA1B658-F928-4747-85E0-A3A6ED11D9ED}.Release|Any CPU.Build.0 = Release|Any CPU
		{67AF2C1A-C18F-453A-BEA7-607706A905C8}.Debug|Any CPU.ActiveCfg = Debug|Any CPU
		{67AF2C1A-C18F-453A-BEA7-607706A905C8}.Debug|Any CPU.Build.0 = Debug|Any CPU
		{67AF2C1A-C18F-453A-BEA7-607706A905C8}.Release|Any CPU.ActiveCfg = Debug|Any CPU
		{67AF2C1A-C18F-453A-BEA7-607706A905C8}.Release|Any CPU.Build.0 = Debug|Any CPU
	EndGlobalSection
	GlobalSection(SolutionProperties) = preSolution
		HideSolutionNode = FALSE
	EndGlobalSection
	GlobalSection(ExtensibilityGlobals) = postSolution
		SolutionGuid = {A055EF45-2BD9-466A-B00A-E96410F9A707}
	EndGlobalSection
EndGlobal
